
Microsoft Visual Studio Solution File, Format Version 12.00
# Visual Studio Version 17
VisualStudioVersion = 17.11.35312.102
MinimumVisualStudioVersion = 10.0.40219.1
Project("{FAE04EC0-301F-11D3-BF4B-00C04F79EFBC}") = "tetris", "tetris\tetris.csproj", "{B0186699-49C2-4CF5-BB87-54B8171BFBC2}"
EndProject
Global
	GlobalSection(SolutionConfigurationPlatforms) = preSolution
		Debug|Any CPU = Debug|Any CPU
		Release|Any CPU = Release|Any CPU
	EndGlobalSection
	GlobalSection(ProjectConfigurationPlatforms) = postSolution
		{B0186699-49C2-4CF5-BB87-54B8171BFBC2}.Debug|Any CPU.ActiveCfg = Debug|Any CPU
		{B0186699-49C2-4CF5-BB87-54B8171BFBC2}.Debug|Any CPU.Build.0 = Debug|Any CPU
		{B0186699-49C2-4CF5-BB87-54B8171BFBC2}.Release|Any CPU.ActiveCfg = Release|Any CPU
		{B0186699-49C2-4CF5-BB87-54B8171BFBC2}.Release|Any CPU.Build.0 = Release|Any CPU
	EndGlobalSection
	GlobalSection(SolutionProperties) = preSolution
		HideSolutionNode = FALSE
	EndGlobalSection
	GlobalSection(ExtensibilityGlobals) = postSolution
		SolutionGuid = {4169F986-F71F-47BF-A563-819B50358316}
	EndGlobalSection
EndGlobal
